
Microsoft Visual Studio Solution File, Format Version 12.00
# Visual Studio Version 17
VisualStudioVersion = 17.14.36310.24 d17.14
MinimumVisualStudioVersion = 10.0.40219.1
Project("{FAE04EC0-301F-11D3-BF4B-00C04F79EFBC}") = "CrudProdutos", "CrudProdutos\CrudProdutos.csproj", "{263D50DD-B92E-4F8B-9219-966BB2E498C2}"
EndProject
Global
	GlobalSection(SolutionConfigurationPlatforms) = preSolution
		Debug|Any CPU = Debug|Any CPU
		Release|Any CPU = Release|Any CPU
	EndGlobalSection
	GlobalSection(ProjectConfigurationPlatforms) = postSolution
		{263D50DD-B92E-4F8B-9219-966BB2E498C2}.Debug|Any CPU.ActiveCfg = Debug|Any CPU
		{263D50DD-B92E-4F8B-9219-966BB2E498C2}.Debug|Any CPU.Build.0 = Debug|Any CPU
		{263D50DD-B92E-4F8B-9219-966BB2E498C2}.Release|Any CPU.ActiveCfg = Release|Any CPU
		{263D50DD-B92E-4F8B-9219-966BB2E498C2}.Release|Any CPU.Build.0 = Release|Any CPU
	EndGlobalSection
	GlobalSection(SolutionProperties) = preSolution
		HideSolutionNode = FALSE
	EndGlobalSection
	GlobalSection(ExtensibilityGlobals) = postSolution
		SolutionGuid = {02999DA3-4C3A-482C-8373-5197B285106F}
	EndGlobalSection
EndGlobal
